{
  "version": 4,
  "terraform_version": "1.5.2",
  "serial": 23,
  "lineage": "5d867854-45e1-139a-45f3-2bd4dbdfc0f0",
  "outputs": {},
  "resources": [
    {
      "mode": "data",
      "type": "google_compute_subnetwork",
      "name": "subnet",
      "provider": "provider[\"registry.terraform.io/hashicorp/google\"]",
      "instances": [
        {
          "schema_version": 0,
          "attributes": {
            "description": "",
            "gateway_address": "10.132.0.1",
            "id": "projects/amriksingh-testing/regions/europe-west1/subnetworks/default",
            "ip_cidr_range": "10.132.0.0/20",
            "name": "default",
            "network": "https://www.googleapis.com/compute/v1/projects/amriksingh-testing/global/networks/default",
            "private_ip_google_access": true,
            "project": "amriksingh-testing",
            "region": "europe-west1",
            "secondary_ip_range": [],
            "self_link": "https://www.googleapis.com/compute/v1/projects/amriksingh-testing/regions/europe-west1/subnetworks/default"
          },
          "sensitive_attributes": []
        }
      ]
    },
    {
      "module": "module.simple-vm-example",
      "mode": "managed",
      "type": "google_compute_instance",
      "name": "default",
      "provider": "provider[\"registry.terraform.io/hashicorp/google-beta\"]",
      "instances": [
        {
          "index_key": 0,
          "schema_version": 6,
          "attributes": {
            "advanced_machine_features": [],
            "allow_stopping_for_update": true,
            "attached_disk": [],
            "boot_disk": [
              {
                "auto_delete": true,
                "device_name": "persistent-disk-0",
                "disk_encryption_key_raw": "",
                "disk_encryption_key_sha256": "",
                "initialize_params": [
                  {
                    "image": "https://www.googleapis.com/compute/beta/projects/ubuntu-os-cloud/global/images/ubuntu-2304-lunar-amd64-v20230714",
                    "labels": {},
                    "resource_manager_tags": {},
                    "size": 10,
                    "type": "pd-balanced"
                  }
                ],
                "kms_key_self_link": "",
                "mode": "READ_WRITE",
                "source": "https://www.googleapis.com/compute/v1/projects/amriksingh-testing/zones/europe-west1-b/disks/test"
              }
            ],
            "can_ip_forward": false,
            "confidential_instance_config": [],
            "cpu_platform": "Intel Cascade Lake",
            "current_status": "RUNNING",
            "deletion_protection": false,
            "description": "Managed by the compute-vm Terraform module.",
            "desired_status": null,
            "enable_display": false,
            "guest_accelerator": [],
            "hostname": "",
            "id": "projects/amriksingh-testing/zones/europe-west1-b/instances/test",
            "instance_id": "1120613994929796611",
            "label_fingerprint": "42WmSpB8rSM=",
            "labels": {},
            "machine_type": "n2-standard-2",
            "metadata": {
              "startup-script": "#! /bin/bash\napt-get update\napt-get install ca-certificates curl gnupg\ninstall -m 0755 -d /etc/apt/keyrings\ncurl -fsSL https://download.docker.com/linux/ubuntu/gpg | gpg --dearmor -o /etc/apt/keyrings/docker.gpg\nchmod a+r /etc/apt/keyrings/docker.gpg\necho \\\n\"deb [arch=\"$(dpkg --print-architecture)\" signed-by=/etc/apt/keyrings/docker.gpg] https://download.docker.com/linux/ubuntu \\\n\"$(. /etc/os-release \u0026\u0026 echo \"$VERSION_CODENAME\")\" stable\" | \\\ntee /etc/apt/sources.list.d/docker.list \u003e /dev/null\napt-get update\napt-get install docker-ce docker-ce-cli containerd.io docker-buildx-plugin docker-compose-plugin -y"
            },
            "metadata_fingerprint": "lgYouyG-XWU=",
            "metadata_startup_script": null,
            "min_cpu_platform": "",
            "name": "test",
            "network_interface": [
              {
                "access_config": [
                  {
                    "nat_ip": "35.187.107.73",
                    "network_tier": "PREMIUM",
                    "public_ptr_domain_name": ""
                  }
                ],
                "alias_ip_range": [],
                "ipv6_access_config": [],
                "ipv6_access_type": "",
                "name": "nic0",
                "network": "https://www.googleapis.com/compute/v1/projects/amriksingh-testing/global/networks/default",
                "network_ip": "10.132.15.209",
                "nic_type": "",
                "queue_count": 0,
                "stack_type": "IPV4_ONLY",
                "subnetwork": "https://www.googleapis.com/compute/v1/projects/amriksingh-testing/regions/europe-west1/subnetworks/default",
                "subnetwork_project": "amriksingh-testing"
              }
            ],
            "network_performance_config": [],
            "params": [],
            "project": "amriksingh-testing",
            "reservation_affinity": [],
            "resource_policies": [],
            "scheduling": [
              {
                "automatic_restart": true,
                "instance_termination_action": "",
                "maintenance_interval": "",
                "max_run_duration": [],
                "min_node_cpus": 0,
                "node_affinities": [],
                "on_host_maintenance": "MIGRATE",
                "preemptible": false,
                "provisioning_model": "STANDARD"
              }
            ],
            "scratch_disk": [],
            "self_link": "https://www.googleapis.com/compute/v1/projects/amriksingh-testing/zones/europe-west1-b/instances/test",
            "service_account": [
              {
                "email": "tf-vm-test@amriksingh-testing.iam.gserviceaccount.com",
                "scopes": [
                  "https://www.googleapis.com/auth/cloud-platform",
                  "https://www.googleapis.com/auth/userinfo.email"
                ]
              }
            ],
            "shielded_instance_config": [
              {
                "enable_integrity_monitoring": true,
                "enable_secure_boot": false,
                "enable_vtpm": true
              }
            ],
            "tags": [],
            "tags_fingerprint": "42WmSpB8rSM=",
            "timeouts": null,
            "zone": "europe-west1-b"
          },
          "sensitive_attributes": [],
          "private": "eyJlMmJmYjczMC1lY2FhLTExZTYtOGY4OC0zNDM2M2JjN2M0YzAiOnsiY3JlYXRlIjoxMjAwMDAwMDAwMDAwLCJkZWxldGUiOjEyMDAwMDAwMDAwMDAsInVwZGF0ZSI6MTIwMDAwMDAwMDAwMH0sInNjaGVtYV92ZXJzaW9uIjoiNiJ9",
          "dependencies": [
            "data.google_compute_subnetwork.subnet",
            "module.simple-vm-example.google_compute_disk.boot",
            "module.simple-vm-example.google_compute_disk.disks",
            "module.simple-vm-example.google_compute_region_disk.disks",
            "module.simple-vm-example.google_compute_resource_policy.schedule",
            "module.simple-vm-example.google_service_account.service_account"
          ]
        }
      ]
    },
    {
      "module": "module.simple-vm-example",
      "mode": "managed",
      "type": "google_service_account",
      "name": "service_account",
      "provider": "provider[\"registry.terraform.io/hashicorp/google\"]",
      "instances": [
        {
          "index_key": 0,
          "schema_version": 0,
          "attributes": {
            "account_id": "tf-vm-test",
            "description": "",
            "disabled": false,
            "display_name": "Terraform VM test.",
            "email": "tf-vm-test@amriksingh-testing.iam.gserviceaccount.com",
            "id": "projects/amriksingh-testing/serviceAccounts/tf-vm-test@amriksingh-testing.iam.gserviceaccount.com",
            "member": "serviceAccount:tf-vm-test@amriksingh-testing.iam.gserviceaccount.com",
            "name": "projects/amriksingh-testing/serviceAccounts/tf-vm-test@amriksingh-testing.iam.gserviceaccount.com",
            "project": "amriksingh-testing",
            "timeouts": null,
            "unique_id": "105021930963504210890"
          },
          "sensitive_attributes": [],
          "private": "eyJlMmJmYjczMC1lY2FhLTExZTYtOGY4OC0zNDM2M2JjN2M0YzAiOnsiY3JlYXRlIjozMDAwMDAwMDAwMDB9fQ==",
          "create_before_destroy": true
        }
      ]
    }
  ],
  "check_results": null
}
